// !$*UTF8*$!
{
	archiveVersion = 1;
	classes = {
	};
	objectVersion = 56;
	objects = {

/* Begin PBXBuildFile section */
		D7603B1DDAF9AD0CC1967E92 /* Pods_MVVM_RxSwift.framework in Frameworks */ = {isa = PBXBuildFile; fileRef = 37F534CAF0F89026DF244285 /* Pods_MVVM_RxSwift.framework */; };
		F26FD7EC28FAA589009C5EA7 /* SceneDelegate.swift in Sources */ = {isa = PBXBuildFile; fileRef = F26FD7EB28FAA589009C5EA7 /* SceneDelegate.swift */; };
		F26FD7EE28FAA589009C5EA7 /* FirstVC.swift in Sources */ = {isa = PBXBuildFile; fileRef = F26FD7ED28FAA589009C5EA7 /* FirstVC.swift */; };
		F26FD7F328FAA58C009C5EA7 /* Assets.xcassets in Resources */ = {isa = PBXBuildFile; fileRef = F26FD7F228FAA58C009C5EA7 /* Assets.xcassets */; };
		F26FD7F628FAA58C009C5EA7 /* LaunchScreen.storyboard in Resources */ = {isa = PBXBuildFile; fileRef = F26FD7F428FAA58C009C5EA7 /* LaunchScreen.storyboard */; };
		F26FD80128FAA58D009C5EA7 /* MVVM_RxSwiftTests.swift in Sources */ = {isa = PBXBuildFile; fileRef = F26FD80028FAA58D009C5EA7 /* MVVM_RxSwiftTests.swift */; };
		F26FD80B28FAA58D009C5EA7 /* MVVM_RxSwiftUITests.swift in Sources */ = {isa = PBXBuildFile; fileRef = F26FD80A28FAA58D009C5EA7 /* MVVM_RxSwiftUITests.swift */; };
		F26FD80D28FAA58D009C5EA7 /* MVVM_RxSwiftUITestsLaunchTests.swift in Sources */ = {isa = PBXBuildFile; fileRef = F26FD80C28FAA58D009C5EA7 /* MVVM_RxSwiftUITestsLaunchTests.swift */; };
		F26FD81C28FAA64F009C5EA7 /* UIView+Ext.swift in Sources */ = {isa = PBXBuildFile; fileRef = F26FD81B28FAA64F009C5EA7 /* UIView+Ext.swift */; };
		F26FD81E28FAA957009C5EA7 /* SecondVC.swift in Sources */ = {isa = PBXBuildFile; fileRef = F26FD81D28FAA957009C5EA7 /* SecondVC.swift */; };
		F26FD82028FAAAC9009C5EA7 /* AppDelegate.swift in Sources */ = {isa = PBXBuildFile; fileRef = F26FD81F28FAAAC9009C5EA7 /* AppDelegate.swift */; };
		F26FD82428FAAEB9009C5EA7 /* FirstViewModel.swift in Sources */ = {isa = PBXBuildFile; fileRef = F26FD82328FAAEB9009C5EA7 /* FirstViewModel.swift */; };
		F26FD82628FAAF29009C5EA7 /* User.swift in Sources */ = {isa = PBXBuildFile; fileRef = F26FD82528FAAF29009C5EA7 /* User.swift */; };
		F26FD82828FAB459009C5EA7 /* MoyaService.swift in Sources */ = {isa = PBXBuildFile; fileRef = F26FD82728FAB459009C5EA7 /* MoyaService.swift */; };
		F26FD82A28FADDD8009C5EA7 /* PostTableViewCell.swift in Sources */ = {isa = PBXBuildFile; fileRef = F26FD82928FADDD8009C5EA7 /* PostTableViewCell.swift */; };
		F26FD83128FB17E4009C5EA7 /* SecondViewModel.swift in Sources */ = {isa = PBXBuildFile; fileRef = F26FD83028FB17E4009C5EA7 /* SecondViewModel.swift */; };
/* End PBXBuildFile section */

/* Begin PBXContainerItemProxy section */
		F26FD7FD28FAA58D009C5EA7 /* PBXContainerItemProxy */ = {
			isa = PBXContainerItemProxy;
			containerPortal = F26FD7DE28FAA589009C5EA7 /* Project object */;
			proxyType = 1;
			remoteGlobalIDString = F26FD7E528FAA589009C5EA7;
			remoteInfo = "MVVM-RxSwift";
		};
		F26FD80728FAA58D009C5EA7 /* PBXContainerItemProxy */ = {
			isa = PBXContainerItemProxy;
			containerPortal = F26FD7DE28FAA589009C5EA7 /* Project object */;
			proxyType = 1;
			remoteGlobalIDString = F26FD7E528FAA589009C5EA7;
			remoteInfo = "MVVM-RxSwift";
		};
/* End PBXContainerItemProxy section */

/* Begin PBXFileReference section */
		37F534CAF0F89026DF244285 /* Pods_MVVM_RxSwift.framework */ = {isa = PBXFileReference; explicitFileType = wrapper.framework; includeInIndex = 0; path = Pods_MVVM_RxSwift.framework; sourceTree = BUILT_PRODUCTS_DIR; };
		69122EB9285C2AB53F8B057F /* Pods-MVVM-RxSwift.release.xcconfig */ = {isa = PBXFileReference; includeInIndex = 1; lastKnownFileType = text.xcconfig; name = "Pods-MVVM-RxSwift.release.xcconfig"; path = "Target Support Files/Pods-MVVM-RxSwift/Pods-MVVM-RxSwift.release.xcconfig"; sourceTree = "<group>"; };
		EECC2E45B087273667B84393 /* Pods-MVVM-RxSwift.debug.xcconfig */ = {isa = PBXFileReference; includeInIndex = 1; lastKnownFileType = text.xcconfig; name = "Pods-MVVM-RxSwift.debug.xcconfig"; path = "Target Support Files/Pods-MVVM-RxSwift/Pods-MVVM-RxSwift.debug.xcconfig"; sourceTree = "<group>"; };
		F26FD7E628FAA589009C5EA7 /* MVVM-RxSwift.app */ = {isa = PBXFileReference; explicitFileType = wrapper.application; includeInIndex = 0; path = "MVVM-RxSwift.app"; sourceTree = BUILT_PRODUCTS_DIR; };
		F26FD7EB28FAA589009C5EA7 /* SceneDelegate.swift */ = {isa = PBXFileReference; lastKnownFileType = sourcecode.swift; path = SceneDelegate.swift; sourceTree = "<group>"; };
		F26FD7ED28FAA589009C5EA7 /* FirstVC.swift */ = {isa = PBXFileReference; lastKnownFileType = sourcecode.swift; path = FirstVC.swift; sourceTree = "<group>"; };
		F26FD7F228FAA58C009C5EA7 /* Assets.xcassets */ = {isa = PBXFileReference; lastKnownFileType = folder.assetcatalog; path = Assets.xcassets; sourceTree = "<group>"; };
		F26FD7F528FAA58C009C5EA7 /* Base */ = {isa = PBXFileReference; lastKnownFileType = file.storyboard; name = Base; path = Base.lproj/LaunchScreen.storyboard; sourceTree = "<group>"; };
		F26FD7F728FAA58C009C5EA7 /* Info.plist */ = {isa = PBXFileReference; lastKnownFileType = text.plist.xml; path = Info.plist; sourceTree = "<group>"; };
		F26FD7FC28FAA58D009C5EA7 /* MVVM-RxSwiftTests.xctest */ = {isa = PBXFileReference; explicitFileType = wrapper.cfbundle; includeInIndex = 0; path = "MVVM-RxSwiftTests.xctest"; sourceTree = BUILT_PRODUCTS_DIR; };
		F26FD80028FAA58D009C5EA7 /* MVVM_RxSwiftTests.swift */ = {isa = PBXFileReference; lastKnownFileType = sourcecode.swift; path = MVVM_RxSwiftTests.swift; sourceTree = "<group>"; };
		F26FD80628FAA58D009C5EA7 /* MVVM-RxSwiftUITests.xctest */ = {isa = PBXFileReference; explicitFileType = wrapper.cfbundle; includeInIndex = 0; path = "MVVM-RxSwiftUITests.xctest"; sourceTree = BUILT_PRODUCTS_DIR; };
		F26FD80A28FAA58D009C5EA7 /* MVVM_RxSwiftUITests.swift */ = {isa = PBXFileReference; lastKnownFileType = sourcecode.swift; path = MVVM_RxSwiftUITests.swift; sourceTree = "<group>"; };
		F26FD80C28FAA58D009C5EA7 /* MVVM_RxSwiftUITestsLaunchTests.swift */ = {isa = PBXFileReference; lastKnownFileType = sourcecode.swift; path = MVVM_RxSwiftUITestsLaunchTests.swift; sourceTree = "<group>"; };
		F26FD81B28FAA64F009C5EA7 /* UIView+Ext.swift */ = {isa = PBXFileReference; lastKnownFileType = sourcecode.swift; path = "UIView+Ext.swift"; sourceTree = "<group>"; };
		F26FD81D28FAA957009C5EA7 /* SecondVC.swift */ = {isa = PBXFileReference; lastKnownFileType = sourcecode.swift; path = SecondVC.swift; sourceTree = "<group>"; };
		F26FD81F28FAAAC9009C5EA7 /* AppDelegate.swift */ = {isa = PBXFileReference; fileEncoding = 4; lastKnownFileType = sourcecode.swift; path = AppDelegate.swift; sourceTree = "<group>"; };
		F26FD82328FAAEB9009C5EA7 /* FirstViewModel.swift */ = {isa = PBXFileReference; lastKnownFileType = sourcecode.swift; path = FirstViewModel.swift; sourceTree = "<group>"; };
		F26FD82528FAAF29009C5EA7 /* User.swift */ = {isa = PBXFileReference; lastKnownFileType = sourcecode.swift; path = User.swift; sourceTree = "<group>"; };
		F26FD82728FAB459009C5EA7 /* MoyaService.swift */ = {isa = PBXFileReference; lastKnownFileType = sourcecode.swift; path = MoyaService.swift; sourceTree = "<group>"; };
		F26FD82928FADDD8009C5EA7 /* PostTableViewCell.swift */ = {isa = PBXFileReference; lastKnownFileType = sourcecode.swift; path = PostTableViewCell.swift; sourceTree = "<group>"; };
		F26FD83028FB17E4009C5EA7 /* SecondViewModel.swift */ = {isa = PBXFileReference; lastKnownFileType = sourcecode.swift; path = SecondViewModel.swift; sourceTree = "<group>"; };
/* End PBXFileReference section */

/* Begin PBXFrameworksBuildPhase section */
		F26FD7E328FAA589009C5EA7 /* Frameworks */ = {
			isa = PBXFrameworksBuildPhase;
			buildActionMask = 2147483647;
			files = (
				D7603B1DDAF9AD0CC1967E92 /* Pods_MVVM_RxSwift.framework in Frameworks */,
			);
			runOnlyForDeploymentPostprocessing = 0;
		};
		F26FD7F928FAA58D009C5EA7 /* Frameworks */ = {
			isa = PBXFrameworksBuildPhase;
			buildActionMask = 2147483647;
			files = (
			);
			runOnlyForDeploymentPostprocessing = 0;
		};
		F26FD80328FAA58D009C5EA7 /* Frameworks */ = {
			isa = PBXFrameworksBuildPhase;
			buildActionMask = 2147483647;
			files = (
			);
			runOnlyForDeploymentPostprocessing = 0;
		};
/* End PBXFrameworksBuildPhase section */

/* Begin PBXGroup section */
		2ECC84C9DA0175A28377EAC5 /* Frameworks */ = {
			isa = PBXGroup;
			children = (
				37F534CAF0F89026DF244285 /* Pods_MVVM_RxSwift.framework */,
			);
			name = Frameworks;
			sourceTree = "<group>";
		};
		5013A074668FA9AD9C66A5AD /* Pods */ = {
			isa = PBXGroup;
			children = (
				EECC2E45B087273667B84393 /* Pods-MVVM-RxSwift.debug.xcconfig */,
				69122EB9285C2AB53F8B057F /* Pods-MVVM-RxSwift.release.xcconfig */,
			);
			path = Pods;
			sourceTree = "<group>";
		};
		F26FD7DD28FAA589009C5EA7 = {
			isa = PBXGroup;
			children = (
				F26FD7E828FAA589009C5EA7 /* MVVM-RxSwift */,
				F26FD7FF28FAA58D009C5EA7 /* MVVM-RxSwiftTests */,
				F26FD80928FAA58D009C5EA7 /* MVVM-RxSwiftUITests */,
				F26FD7E728FAA589009C5EA7 /* Products */,
				5013A074668FA9AD9C66A5AD /* Pods */,
				2ECC84C9DA0175A28377EAC5 /* Frameworks */,
			);
			sourceTree = "<group>";
		};
		F26FD7E728FAA589009C5EA7 /* Products */ = {
			isa = PBXGroup;
			children = (
				F26FD7E628FAA589009C5EA7 /* MVVM-RxSwift.app */,
				F26FD7FC28FAA58D009C5EA7 /* MVVM-RxSwiftTests.xctest */,
				F26FD80628FAA58D009C5EA7 /* MVVM-RxSwiftUITests.xctest */,
			);
			name = Products;
			sourceTree = "<group>";
		};
		F26FD7E828FAA589009C5EA7 /* MVVM-RxSwift */ = {
			isa = PBXGroup;
			children = (
				F26FD82C28FAE651009C5EA7 /* Senarious */,
				F26FD82228FAAE1B009C5EA7 /* Helpers */,
				F26FD81A28FAA63F009C5EA7 /* Core */,
				F26FD82D28FAE67B009C5EA7 /* Model */,
				F26FD7F728FAA58C009C5EA7 /* Info.plist */,
			);
			path = "MVVM-RxSwift";
			sourceTree = "<group>";
		};
		F26FD7FF28FAA58D009C5EA7 /* MVVM-RxSwiftTests */ = {
			isa = PBXGroup;
			children = (
				F26FD80028FAA58D009C5EA7 /* MVVM_RxSwiftTests.swift */,
			);
			path = "MVVM-RxSwiftTests";
			sourceTree = "<group>";
		};
		F26FD80928FAA58D009C5EA7 /* MVVM-RxSwiftUITests */ = {
			isa = PBXGroup;
			children = (
				F26FD80A28FAA58D009C5EA7 /* MVVM_RxSwiftUITests.swift */,
				F26FD80C28FAA58D009C5EA7 /* MVVM_RxSwiftUITestsLaunchTests.swift */,
			);
			path = "MVVM-RxSwiftUITests";
			sourceTree = "<group>";
		};
		F26FD81928FAA632009C5EA7 /* Extension */ = {
			isa = PBXGroup;
			children = (
				F26FD81B28FAA64F009C5EA7 /* UIView+Ext.swift */,
			);
			path = Extension;
			sourceTree = "<group>";
		};
		F26FD81A28FAA63F009C5EA7 /* Core */ = {
			isa = PBXGroup;
			children = (
				F26FD82E28FAE68E009C5EA7 /* Services */,
				F26FD82128FAAE04009C5EA7 /* Application */,
				F26FD81928FAA632009C5EA7 /* Extension */,
			);
			path = Core;
			sourceTree = "<group>";
		};
		F26FD82128FAAE04009C5EA7 /* Application */ = {
			isa = PBXGroup;
			children = (
				F26FD7EB28FAA589009C5EA7 /* SceneDelegate.swift */,
				F26FD81F28FAAAC9009C5EA7 /* AppDelegate.swift */,
			);
			path = Application;
			sourceTree = "<group>";
		};
		F26FD82228FAAE1B009C5EA7 /* Helpers */ = {
			isa = PBXGroup;
			children = (
				F26FD7F228FAA58C009C5EA7 /* Assets.xcassets */,
				F26FD7F428FAA58C009C5EA7 /* LaunchScreen.storyboard */,
			);
			path = Helpers;
			sourceTree = "<group>";
		};
		F26FD82B28FAE648009C5EA7 /* cell */ = {
			isa = PBXGroup;
			children = (
				F26FD82928FADDD8009C5EA7 /* PostTableViewCell.swift */,
			);
			path = cell;
			sourceTree = "<group>";
		};
		F26FD82C28FAE651009C5EA7 /* Senarious */ = {
			isa = PBXGroup;
			children = (
				F26FD82F28FAE6B2009C5EA7 /* ViewModel */,
				F26FD82B28FAE648009C5EA7 /* cell */,
				F26FD81D28FAA957009C5EA7 /* SecondVC.swift */,
				F26FD7ED28FAA589009C5EA7 /* FirstVC.swift */,
			);
			path = Senarious;
			sourceTree = "<group>";
		};
		F26FD82D28FAE67B009C5EA7 /* Model */ = {
			isa = PBXGroup;
			children = (
				F26FD82528FAAF29009C5EA7 /* User.swift */,
			);
			path = Model;
			sourceTree = "<group>";
		};
		F26FD82E28FAE68E009C5EA7 /* Services */ = {
			isa = PBXGroup;
			children = (
				F26FD82728FAB459009C5EA7 /* MoyaService.swift */,
			);
			path = Services;
			sourceTree = "<group>";
		};
		F26FD82F28FAE6B2009C5EA7 /* ViewModel */ = {
			isa = PBXGroup;
			children = (
				F26FD82328FAAEB9009C5EA7 /* FirstViewModel.swift */,
				F26FD83028FB17E4009C5EA7 /* SecondViewModel.swift */,
			);
			path = ViewModel;
			sourceTree = "<group>";
		};
/* End PBXGroup section */

/* Begin PBXNativeTarget section */
		F26FD7E528FAA589009C5EA7 /* MVVM-RxSwift */ = {
			isa = PBXNativeTarget;
			buildConfigurationList = F26FD81028FAA58D009C5EA7 /* Build configuration list for PBXNativeTarget "MVVM-RxSwift" */;
			buildPhases = (
				94123DF00676F9921401C260 /* [CP] Check Pods Manifest.lock */,
				F26FD7E228FAA589009C5EA7 /* Sources */,
				F26FD7E328FAA589009C5EA7 /* Frameworks */,
				F26FD7E428FAA589009C5EA7 /* Resources */,
				F2CD679CCE009327B827E0F1 /* [CP] Embed Pods Frameworks */,
			);
			buildRules = (
			);
			dependencies = (
			);
			name = "MVVM-RxSwift";
			productName = "MVVM-RxSwift";
			productReference = F26FD7E628FAA589009C5EA7 /* MVVM-RxSwift.app */;
			productType = "com.apple.product-type.application";
		};
		F26FD7FB28FAA58D009C5EA7 /* MVVM-RxSwiftTests */ = {
			isa = PBXNativeTarget;
			buildConfigurationList = F26FD81328FAA58D009C5EA7 /* Build configuration list for PBXNativeTarget "MVVM-RxSwiftTests" */;
			buildPhases = (
				F26FD7F828FAA58D009C5EA7 /* Sources */,
				F26FD7F928FAA58D009C5EA7 /* Frameworks */,
				F26FD7FA28FAA58D009C5EA7 /* Resources */,
			);
			buildRules = (
			);
			dependencies = (
				F26FD7FE28FAA58D009C5EA7 /* PBXTargetDependency */,
			);
			name = "MVVM-RxSwiftTests";
			productName = "MVVM-RxSwiftTests";
			productReference = F26FD7FC28FAA58D009C5EA7 /* MVVM-RxSwiftTests.xctest */;
			productType = "com.apple.product-type.bundle.unit-test";
		};
		F26FD80528FAA58D009C5EA7 /* MVVM-RxSwiftUITests */ = {
			isa = PBXNativeTarget;
			buildConfigurationList = F26FD81628FAA58D009C5EA7 /* Build configuration list for PBXNativeTarget "MVVM-RxSwiftUITests" */;
			buildPhases = (
				F26FD80228FAA58D009C5EA7 /* Sources */,
				F26FD80328FAA58D009C5EA7 /* Frameworks */,
				F26FD80428FAA58D009C5EA7 /* Resources */,
			);
			buildRules = (
			);
			dependencies = (
				F26FD80828FAA58D009C5EA7 /* PBXTargetDependency */,
			);
			name = "MVVM-RxSwiftUITests";
			productName = "MVVM-RxSwiftUITests";
			productReference = F26FD80628FAA58D009C5EA7 /* MVVM-RxSwiftUITests.xctest */;
			productType = "com.apple.product-type.bundle.ui-testing";
		};
/* End PBXNativeTarget section */

/* Begin PBXProject section */
		F26FD7DE28FAA589009C5EA7 /* Project object */ = {
			isa = PBXProject;
			attributes = {
				BuildIndependentTargetsInParallel = 1;
				LastSwiftUpdateCheck = 1400;
				LastUpgradeCheck = 1400;
				TargetAttributes = {
					F26FD7E528FAA589009C5EA7 = {
						CreatedOnToolsVersion = 14.0.1;
					};
					F26FD7FB28FAA58D009C5EA7 = {
						CreatedOnToolsVersion = 14.0.1;
						TestTargetID = F26FD7E528FAA589009C5EA7;
					};
					F26FD80528FAA58D009C5EA7 = {
						CreatedOnToolsVersion = 14.0.1;
						TestTargetID = F26FD7E528FAA589009C5EA7;
					};
				};
			};
			buildConfigurationList = F26FD7E128FAA589009C5EA7 /* Build configuration list for PBXProject "MVVM-RxSwift" */;
			compatibilityVersion = "Xcode 14.0";
			developmentRegion = en;
			hasScannedForEncodings = 0;
			knownRegions = (
				en,
				Base,
			);
			mainGroup = F26FD7DD28FAA589009C5EA7;
			productRefGroup = F26FD7E728FAA589009C5EA7 /* Products */;
			projectDirPath = "";
			projectRoot = "";
			targets = (
				F26FD7E528FAA589009C5EA7 /* MVVM-RxSwift */,
				F26FD7FB28FAA58D009C5EA7 /* MVVM-RxSwiftTests */,
				F26FD80528FAA58D009C5EA7 /* MVVM-RxSwiftUITests */,
			);
		};
/* End PBXProject section */

/* Begin PBXResourcesBuildPhase section */
		F26FD7E428FAA589009C5EA7 /* Resources */ = {
			isa = PBXResourcesBuildPhase;
			buildActionMask = 2147483647;
			files = (
				F26FD7F628FAA58C009C5EA7 /* LaunchScreen.storyboard in Resources */,
				F26FD7F328FAA58C009C5EA7 /* Assets.xcassets in Resources */,
			);
			runOnlyForDeploymentPostprocessing = 0;
		};
		F26FD7FA28FAA58D009C5EA7 /* Resources */ = {
			isa = PBXResourcesBuildPhase;
			buildActionMask = 2147483647;
			files = (
			);
			runOnlyForDeploymentPostprocessing = 0;
		};
		F26FD80428FAA58D009C5EA7 /* Resources */ = {
			isa = PBXResourcesBuildPhase;
			buildActionMask = 2147483647;
			files = (
			);
			runOnlyForDeploymentPostprocessing = 0;
		};
/* End PBXResourcesBuildPhase section */

/* Begin PBXShellScriptBuildPhase section */
		94123DF00676F9921401C260 /* [CP] Check Pods Manifest.lock */ = {
			isa = PBXShellScriptBuildPhase;
			buildActionMask = 2147483647;
			files = (
			);
			inputFileListPaths = (
			);
			inputPaths = (
				"${PODS_PODFILE_DIR_PATH}/Podfile.lock",
				"${PODS_ROOT}/Manifest.lock",
			);
			name = "[CP] Check Pods Manifest.lock";
			outputFileListPaths = (
			);
			outputPaths = (
				"$(DERIVED_FILE_DIR)/Pods-MVVM-RxSwift-checkManifestLockResult.txt",
			);
			runOnlyForDeploymentPostprocessing = 0;
			shellPath = /bin/sh;
			shellScript = "diff \"${PODS_PODFILE_DIR_PATH}/Podfile.lock\" \"${PODS_ROOT}/Manifest.lock\" > /dev/null\nif [ $? != 0 ] ; then\n    # print error to STDERR\n    echo \"error: The sandbox is not in sync with the Podfile.lock. Run 'pod install' or update your CocoaPods installation.\" >&2\n    exit 1\nfi\n# This output is used by Xcode 'outputs' to avoid re-running this script phase.\necho \"SUCCESS\" > \"${SCRIPT_OUTPUT_FILE_0}\"\n";
			showEnvVarsInLog = 0;
		};
		F2CD679CCE009327B827E0F1 /* [CP] Embed Pods Frameworks */ = {
			isa = PBXShellScriptBuildPhase;
			buildActionMask = 2147483647;
			files = (
			);
			inputFileListPaths = (
				"${PODS_ROOT}/Target Support Files/Pods-MVVM-RxSwift/Pods-MVVM-RxSwift-frameworks-${CONFIGURATION}-input-files.xcfilelist",
			);
			name = "[CP] Embed Pods Frameworks";
			outputFileListPaths = (
				"${PODS_ROOT}/Target Support Files/Pods-MVVM-RxSwift/Pods-MVVM-RxSwift-frameworks-${CONFIGURATION}-output-files.xcfilelist",
			);
			runOnlyForDeploymentPostprocessing = 0;
			shellPath = /bin/sh;
			shellScript = "\"${PODS_ROOT}/Target Support Files/Pods-MVVM-RxSwift/Pods-MVVM-RxSwift-frameworks.sh\"\n";
			showEnvVarsInLog = 0;
		};
/* End PBXShellScriptBuildPhase section */

/* Begin PBXSourcesBuildPhase section */
		F26FD7E228FAA589009C5EA7 /* Sources */ = {
			isa = PBXSourcesBuildPhase;
			buildActionMask = 2147483647;
			files = (
				F26FD7EE28FAA589009C5EA7 /* FirstVC.swift in Sources */,
				F26FD82A28FADDD8009C5EA7 /* PostTableViewCell.swift in Sources */,
				F26FD7EC28FAA589009C5EA7 /* SceneDelegate.swift in Sources */,
				F26FD81E28FAA957009C5EA7 /* SecondVC.swift in Sources */,
				F26FD82828FAB459009C5EA7 /* MoyaService.swift in Sources */,
				F26FD82028FAAAC9009C5EA7 /* AppDelegate.swift in Sources */,
				F26FD82428FAAEB9009C5EA7 /* FirstViewModel.swift in Sources */,
				F26FD81C28FAA64F009C5EA7 /* UIView+Ext.swift in Sources */,
				F26FD83128FB17E4009C5EA7 /* SecondViewModel.swift in Sources */,
				F26FD82628FAAF29009C5EA7 /* User.swift in Sources */,
			);
			runOnlyForDeploymentPostprocessing = 0;
		};
		F26FD7F828FAA58D009C5EA7 /* Sources */ = {
			isa = PBXSourcesBuildPhase;
			buildActionMask = 2147483647;
			files = (
				F26FD80128FAA58D009C5EA7 /* MVVM_RxSwiftTests.swift in Sources */,
			);
			runOnlyForDeploymentPostprocessing = 0;
		};
		F26FD80228FAA58D009C5EA7 /* Sources */ = {
			isa = PBXSourcesBuildPhase;
			buildActionMask = 2147483647;
			files = (
				F26FD80D28FAA58D009C5EA7 /* MVVM_RxSwiftUITestsLaunchTests.swift in Sources */,
				F26FD80B28FAA58D009C5EA7 /* MVVM_RxSwiftUITests.swift in Sources */,
			);
			runOnlyForDeploymentPostprocessing = 0;
		};
/* End PBXSourcesBuildPhase section */

/* Begin PBXTargetDependency section */
		F26FD7FE28FAA58D009C5EA7 /* PBXTargetDependency */ = {
			isa = PBXTargetDependency;
			target = F26FD7E528FAA589009C5EA7 /* MVVM-RxSwift */;
			targetProxy = F26FD7FD28FAA58D009C5EA7 /* PBXContainerItemProxy */;
		};
		F26FD80828FAA58D009C5EA7 /* PBXTargetDependency */ = {
			isa = PBXTargetDependency;
			target = F26FD7E528FAA589009C5EA7 /* MVVM-RxSwift */;
			targetProxy = F26FD80728FAA58D009C5EA7 /* PBXContainerItemProxy */;
		};
/* End PBXTargetDependency section */

/* Begin PBXVariantGroup section */
		F26FD7F428FAA58C009C5EA7 /* LaunchScreen.storyboard */ = {
			isa = PBXVariantGroup;
			children = (
				F26FD7F528FAA58C009C5EA7 /* Base */,
			);
			name = LaunchScreen.storyboard;
			sourceTree = "<group>";
		};
/* End PBXVariantGroup section */

/* Begin XCBuildConfiguration section */
		F26FD80E28FAA58D009C5EA7 /* Debug */ = {
			isa = XCBuildConfiguration;
			buildSettings = {
				ALWAYS_SEARCH_USER_PATHS = NO;
				CLANG_ANALYZER_NONNULL = YES;
				CLANG_ANALYZER_NUMBER_OBJECT_CONVERSION = YES_AGGRESSIVE;
				CLANG_CXX_LANGUAGE_STANDARD = "gnu++20";
				CLANG_ENABLE_MODULES = YES;
				CLANG_ENABLE_OBJC_ARC = YES;
				CLANG_ENABLE_OBJC_WEAK = YES;
				CLANG_WARN_BLOCK_CAPTURE_AUTORELEASING = YES;
				CLANG_WARN_BOOL_CONVERSION = YES;
				CLANG_WARN_COMMA = YES;
				CLANG_WARN_CONSTANT_CONVERSION = YES;
				CLANG_WARN_DEPRECATED_OBJC_IMPLEMENTATIONS = YES;
				CLANG_WARN_DIRECT_OBJC_ISA_USAGE = YES_ERROR;
				CLANG_WARN_DOCUMENTATION_COMMENTS = YES;
				CLANG_WARN_EMPTY_BODY = YES;
				CLANG_WARN_ENUM_CONVERSION = YES;
				CLANG_WARN_INFINITE_RECURSION = YES;
				CLANG_WARN_INT_CONVERSION = YES;
				CLANG_WARN_NON_LITERAL_NULL_CONVERSION = YES;
				CLANG_WARN_OBJC_IMPLICIT_RETAIN_SELF = YES;
				CLANG_WARN_OBJC_LITERAL_CONVERSION = YES;
				CLANG_WARN_OBJC_ROOT_CLASS = YES_ERROR;
				CLANG_WARN_QUOTED_INCLUDE_IN_FRAMEWORK_HEADER = YES;
				CLANG_WARN_RANGE_LOOP_ANALYSIS = YES;
				CLANG_WARN_STRICT_PROTOTYPES = YES;
				CLANG_WARN_SUSPICIOUS_MOVE = YES;
				CLANG_WARN_UNGUARDED_AVAILABILITY = YES_AGGRESSIVE;
				CLANG_WARN_UNREACHABLE_CODE = YES;
				CLANG_WARN__DUPLICATE_METHOD_MATCH = YES;
				COPY_PHASE_STRIP = NO;
				DEBUG_INFORMATION_FORMAT = dwarf;
				ENABLE_STRICT_OBJC_MSGSEND = YES;
				ENABLE_TESTABILITY = YES;
				GCC_C_LANGUAGE_STANDARD = gnu11;
				GCC_DYNAMIC_NO_PIC = NO;
				GCC_NO_COMMON_BLOCKS = YES;
				GCC_OPTIMIZATION_LEVEL = 0;
				GCC_PREPROCESSOR_DEFINITIONS = (
					"DEBUG=1",
					"$(inherited)",
				);
				GCC_WARN_64_TO_32_BIT_CONVERSION = YES;
				GCC_WARN_ABOUT_RETURN_TYPE = YES_ERROR;
				GCC_WARN_UNDECLARED_SELECTOR = YES;
				GCC_WARN_UNINITIALIZED_AUTOS = YES_AGGRESSIVE;
				GCC_WARN_UNUSED_FUNCTION = YES;
				GCC_WARN_UNUSED_VARIABLE = YES;
				IPHONEOS_DEPLOYMENT_TARGET = 16.0;
				MTL_ENABLE_DEBUG_INFO = INCLUDE_SOURCE;
				MTL_FAST_MATH = YES;
				ONLY_ACTIVE_ARCH = YES;
				SDKROOT = iphoneos;
				SWIFT_ACTIVE_COMPILATION_CONDITIONS = DEBUG;
				SWIFT_OPTIMIZATION_LEVEL = "-Onone";
			};
			name = Debug;
		};
		F26FD80F28FAA58D009C5EA7 /* Release */ = {
			isa = XCBuildConfiguration;
			buildSettings = {
				ALWAYS_SEARCH_USER_PATHS = NO;
				CLANG_ANALYZER_NONNULL = YES;
				CLANG_ANALYZER_NUMBER_OBJECT_CONVERSION = YES_AGGRESSIVE;
				CLANG_CXX_LANGUAGE_STANDARD = "gnu++20";
				CLANG_ENABLE_MODULES = YES;
				CLANG_ENABLE_OBJC_ARC = YES;
				CLANG_ENABLE_OBJC_WEAK = YES;
				CLANG_WARN_BLOCK_CAPTURE_AUTORELEASING = YES;
				CLANG_WARN_BOOL_CONVERSION = YES;
				CLANG_WARN_COMMA = YES;
				CLANG_WARN_CONSTANT_CONVERSION = YES;
				CLANG_WARN_DEPRECATED_OBJC_IMPLEMENTATIONS = YES;
				CLANG_WARN_DIRECT_OBJC_ISA_USAGE = YES_ERROR;
				CLANG_WARN_DOCUMENTATION_COMMENTS = YES;
				CLANG_WARN_EMPTY_BODY = YES;
				CLANG_WARN_ENUM_CONVERSION = YES;
				CLANG_WARN_INFINITE_RECURSION = YES;
				CLANG_WARN_INT_CONVERSION = YES;
				CLANG_WARN_NON_LITERAL_NULL_CONVERSION = YES;
				CLANG_WARN_OBJC_IMPLICIT_RETAIN_SELF = YES;
				CLANG_WARN_OBJC_LITERAL_CONVERSION = YES;
				CLANG_WARN_OBJC_ROOT_CLASS = YES_ERROR;
				CLANG_WARN_QUOTED_INCLUDE_IN_FRAMEWORK_HEADER = YES;
				CLANG_WARN_RANGE_LOOP_ANALYSIS = YES;
				CLANG_WARN_STRICT_PROTOTYPES = YES;
				CLANG_WARN_SUSPICIOUS_MOVE = YES;
				CLANG_WARN_UNGUARDED_AVAILABILITY = YES_AGGRESSIVE;
				CLANG_WARN_UNREACHABLE_CODE = YES;
				CLANG_WARN__DUPLICATE_METHOD_MATCH = YES;
				COPY_PHASE_STRIP = NO;
				DEBUG_INFORMATION_FORMAT = "dwarf-with-dsym";
				ENABLE_NS_ASSERTIONS = NO;
				ENABLE_STRICT_OBJC_MSGSEND = YES;
				GCC_C_LANGUAGE_STANDARD = gnu11;
				GCC_NO_COMMON_BLOCKS = YES;
				GCC_WARN_64_TO_32_BIT_CONVERSION = YES;
				GCC_WARN_ABOUT_RETURN_TYPE = YES_ERROR;
				GCC_WARN_UNDECLARED_SELECTOR = YES;
				GCC_WARN_UNINITIALIZED_AUTOS = YES_AGGRESSIVE;
				GCC_WARN_UNUSED_FUNCTION = YES;
				GCC_WARN_UNUSED_VARIABLE = YES;
				IPHONEOS_DEPLOYMENT_TARGET = 16.0;
				MTL_ENABLE_DEBUG_INFO = NO;
				MTL_FAST_MATH = YES;
				SDKROOT = iphoneos;
				SWIFT_COMPILATION_MODE = wholemodule;
				SWIFT_OPTIMIZATION_LEVEL = "-O";
				VALIDATE_PRODUCT = YES;
			};
			name = Release;
		};
		F26FD81128FAA58D009C5EA7 /* Debug */ = {
			isa = XCBuildConfiguration;
			baseConfigurationReference = EECC2E45B087273667B84393 /* Pods-MVVM-RxSwift.debug.xcconfig */;
			buildSettings = {
				ASSETCATALOG_COMPILER_APPICON_NAME = AppIcon;
				ASSETCATALOG_COMPILER_GLOBAL_ACCENT_COLOR_NAME = AccentColor;
				CODE_SIGN_STYLE = Automatic;
				CURRENT_PROJECT_VERSION = 1;
				DEVELOPMENT_TEAM = MK2G948UD9;
				GENERATE_INFOPLIST_FILE = YES;
				INFOPLIST_FILE = "MVVM-RxSwift/Info.plist";
				INFOPLIST_KEY_UIApplicationSupportsIndirectInputEvents = YES;
				INFOPLIST_KEY_UILaunchStoryboardName = LaunchScreen;
				INFOPLIST_KEY_UISupportedInterfaceOrientations_iPad = "UIInterfaceOrientationPortrait UIInterfaceOrientationPortraitUpsideDown UIInterfaceOrientationLandscapeLeft UIInterfaceOrientationLandscapeRight";
				INFOPLIST_KEY_UISupportedInterfaceOrientations_iPhone = "UIInterfaceOrientationPortrait UIInterfaceOrientationLandscapeLeft UIInterfaceOrientationLandscapeRight";
				LD_RUNPATH_SEARCH_PATHS = (
					"$(inherited)",
					"@executable_path/Frameworks",
				);
				MARKETING_VERSION = 1.0;
				PRODUCT_BUNDLE_IDENTIFIER = "com.khoshimov.MVVM-RxSwift";
				PRODUCT_NAME = "$(TARGET_NAME)";
				SWIFT_EMIT_LOC_STRINGS = YES;
				SWIFT_VERSION = 5.0;
				TARGETED_DEVICE_FAMILY = "1,2";
			};
			name = Debug;
		};
		F26FD81228FAA58D009C5EA7 /* Release */ = {
			isa = XCBuildConfiguration;
			baseConfigurationReference = 69122EB9285C2AB53F8B057F /* Pods-MVVM-RxSwift.release.xcconfig */;
			buildSettings = {
				ASSETCATALOG_COMPILER_APPICON_NAME = AppIcon;
				ASSETCATALOG_COMPILER_GLOBAL_ACCENT_COLOR_NAME = AccentColor;
				CODE_SIGN_STYLE = Automatic;
				CURRENT_PROJECT_VERSION = 1;
				DEVELOPMENT_TEAM = MK2G948UD9;
				GENERATE_INFOPLIST_FILE = YES;
				INFOPLIST_FILE = "MVVM-RxSwift/Info.plist";
				INFOPLIST_KEY_UIApplicationSupportsIndirectInputEvents = YES;
				INFOPLIST_KEY_UILaunchStoryboardName = LaunchScreen;
				INFOPLIST_KEY_UISupportedInterfaceOrientations_iPad = "UIInterfaceOrientationPortrait UIInterfaceOrientationPortraitUpsideDown UIInterfaceOrientationLandscapeLeft UIInterfaceOrientationLandscapeRight";
				INFOPLIST_KEY_UISupportedInterfaceOrientations_iPhone = "UIInterfaceOrientationPortrait UIInterfaceOrientationLandscapeLeft UIInterfaceOrientationLandscapeRight";
				LD_RUNPATH_SEARCH_PATHS = (
					"$(inherited)",
					"@executable_path/Frameworks",
				);
				MARKETING_VERSION = 1.0;
				PRODUCT_BUNDLE_IDENTIFIER = "com.khoshimov.MVVM-RxSwift";
				PRODUCT_NAME = "$(TARGET_NAME)";
				SWIFT_EMIT_LOC_STRINGS = YES;
				SWIFT_VERSION = 5.0;
				TARGETED_DEVICE_FAMILY = "1,2";
			};
			name = Release;
		};
		F26FD81428FAA58D009C5EA7 /* Debug */ = {
			isa = XCBuildConfiguration;
			buildSettings = {
				ALWAYS_EMBED_SWIFT_STANDARD_LIBRARIES = YES;
				BUNDLE_LOADER = "$(TEST_HOST)";
				CODE_SIGN_STYLE = Automatic;
				CURRENT_PROJECT_VERSION = 1;
				DEVELOPMENT_TEAM = MK2G948UD9;
				GENERATE_INFOPLIST_FILE = YES;
				IPHONEOS_DEPLOYMENT_TARGET = 16.0;
				MARKETING_VERSION = 1.0;
				PRODUCT_BUNDLE_IDENTIFIER = "com.khoshimov.MVVM-RxSwiftTests";
				PRODUCT_NAME = "$(TARGET_NAME)";
				SWIFT_EMIT_LOC_STRINGS = NO;
				SWIFT_VERSION = 5.0;
				TARGETED_DEVICE_FAMILY = "1,2";
				TEST_HOST = "$(BUILT_PRODUCTS_DIR)/MVVM-RxSwift.app/$(BUNDLE_EXECUTABLE_FOLDER_PATH)/MVVM-RxSwift";
			};
			name = Debug;
		};
		F26FD81528FAA58D009C5EA7 /* Release */ = {
			isa = XCBuildConfiguration;
			buildSettings = {
				ALWAYS_EMBED_SWIFT_STANDARD_LIBRARIES = YES;
				BUNDLE_LOADER = "$(TEST_HOST)";
				CODE_SIGN_STYLE = Automatic;
				CURRENT_PROJECT_VERSION = 1;
				DEVELOPMENT_TEAM = MK2G948UD9;
				GENERATE_INFOPLIST_FILE = YES;
				IPHONEOS_DEPLOYMENT_TARGET = 16.0;
				MARKETING_VERSION = 1.0;
				PRODUCT_BUNDLE_IDENTIFIER = "com.khoshimov.MVVM-RxSwiftTests";
				PRODUCT_NAME = "$(TARGET_NAME)";
				SWIFT_EMIT_LOC_STRINGS = NO;
				SWIFT_VERSION = 5.0;
				TARGETED_DEVICE_FAMILY = "1,2";
				TEST_HOST = "$(BUILT_PRODUCTS_DIR)/MVVM-RxSwift.app/$(BUNDLE_EXECUTABLE_FOLDER_PATH)/MVVM-RxSwift";
			};
			name = Release;
		};
		F26FD81728FAA58D009C5EA7 /* Debug */ = {
			isa = XCBuildConfiguration;
			buildSettings = {
				ALWAYS_EMBED_SWIFT_STANDARD_LIBRARIES = YES;
				CODE_SIGN_STYLE = Automatic;
				CURRENT_PROJECT_VERSION = 1;
				DEVELOPMENT_TEAM = MK2G948UD9;
				GENERATE_INFOPLIST_FILE = YES;
				MARKETING_VERSION = 1.0;
				PRODUCT_BUNDLE_IDENTIFIER = "com.khoshimov.MVVM-RxSwiftUITests";
				PRODUCT_NAME = "$(TARGET_NAME)";
				SWIFT_EMIT_LOC_STRINGS = NO;
				SWIFT_VERSION = 5.0;
				TARGETED_DEVICE_FAMILY = "1,2";
				TEST_TARGET_NAME = "MVVM-RxSwift";
			};
			name = Debug;
		};
		F26FD81828FAA58D009C5EA7 /* Release */ = {
			isa = XCBuildConfiguration;
			buildSettings = {
				ALWAYS_EMBED_SWIFT_STANDARD_LIBRARIES = YES;
				CODE_SIGN_STYLE = Automatic;
				CURRENT_PROJECT_VERSION = 1;
				DEVELOPMENT_TEAM = MK2G948UD9;
				GENERATE_INFOPLIST_FILE = YES;
				MARKETING_VERSION = 1.0;
				PRODUCT_BUNDLE_IDENTIFIER = "com.khoshimov.MVVM-RxSwiftUITests";
				PRODUCT_NAME = "$(TARGET_NAME)";
				SWIFT_EMIT_LOC_STRINGS = NO;
				SWIFT_VERSION = 5.0;
				TARGETED_DEVICE_FAMILY = "1,2";
				TEST_TARGET_NAME = "MVVM-RxSwift";
			};
			name = Release;
		};
/* End XCBuildConfiguration section */

/* Begin XCConfigurationList section */
		F26FD7E128FAA589009C5EA7 /* Build configuration list for PBXProject "MVVM-RxSwift" */ = {
			isa = XCConfigurationList;
			buildConfigurations = (
				F26FD80E28FAA58D009C5EA7 /* Debug */,
				F26FD80F28FAA58D009C5EA7 /* Release */,
			);
			defaultConfigurationIsVisible = 0;
			defaultConfigurationName = Release;
		};
		F26FD81028FAA58D009C5EA7 /* Build configuration list for PBXNativeTarget "MVVM-RxSwift" */ = {
			isa = XCConfigurationList;
			buildConfigurations = (
				F26FD81128FAA58D009C5EA7 /* Debug */,
				F26FD81228FAA58D009C5EA7 /* Release */,
			);
			defaultConfigurationIsVisible = 0;
			defaultConfigurationName = Release;
		};
		F26FD81328FAA58D009C5EA7 /* Build configuration list for PBXNativeTarget "MVVM-RxSwiftTests" */ = {
			isa = XCConfigurationList;
			buildConfigurations = (
				F26FD81428FAA58D009C5EA7 /* Debug */,
				F26FD81528FAA58D009C5EA7 /* Release */,
			);
			defaultConfigurationIsVisible = 0;
			defaultConfigurationName = Release;
		};
		F26FD81628FAA58D009C5EA7 /* Build configuration list for PBXNativeTarget "MVVM-RxSwiftUITests" */ = {
			isa = XCConfigurationList;
			buildConfigurations = (
				F26FD81728FAA58D009C5EA7 /* Debug */,
				F26FD81828FAA58D009C5EA7 /* Release */,
			);
			defaultConfigurationIsVisible = 0;
			defaultConfigurationName = Release;
		};
/* End XCConfigurationList section */
	};
	rootObject = F26FD7DE28FAA589009C5EA7 /* Project object */;
}
